// !$*UTF8*$!
{
	archiveVersion = 1;
	classes = {
	};
	objectVersion = 56;
	objects = {

/* Begin PBXBuildFile section */
		D14B9D362B7E5FB40041BB45 /* MultipleWindowApp.swift in Sources */ = {isa = PBXBuildFile; fileRef = D14B9D352B7E5FB40041BB45 /* MultipleWindowApp.swift */; };
		D14B9D382B7E5FB40041BB45 /* ContentView.swift in Sources */ = {isa = PBXBuildFile; fileRef = D14B9D372B7E5FB40041BB45 /* ContentView.swift */; };
		D14B9D3A2B7E5FB50041BB45 /* Assets.xcassets in Resources */ = {isa = PBXBuildFile; fileRef = D14B9D392B7E5FB50041BB45 /* Assets.xcassets */; };
		D14B9D3D2B7E5FB50041BB45 /* Preview Assets.xcassets in Resources */ = {isa = PBXBuildFile; fileRef = D14B9D3C2B7E5FB50041BB45 /* Preview Assets.xcassets */; };
		D14B9D452B7E62F50041BB45 /* ImageWindows.swift in Sources */ = {isa = PBXBuildFile; fileRef = D14B9D442B7E62F50041BB45 /* ImageWindows.swift */; };
/* End PBXBuildFile section */

/* Begin PBXFileReference section */
		D14B9D2E2B7E5FB40041BB45 /* MultipleWindowApp.app */ = {isa = PBXFileReference; explicitFileType = wrapper.application; includeInIndex = 0; path = MultipleWindowApp.app; sourceTree = BUILT_PRODUCTS_DIR; };
		D14B9D352B7E5FB40041BB45 /* MultipleWindowApp.swift */ = {isa = PBXFileReference; lastKnownFileType = sourcecode.swift; path = MultipleWindowApp.swift; sourceTree = "<group>"; };
		D14B9D372B7E5FB40041BB45 /* ContentView.swift */ = {isa = PBXFileReference; lastKnownFileType = sourcecode.swift; path = ContentView.swift; sourceTree = "<group>"; };
		D14B9D392B7E5FB50041BB45 /* Assets.xcassets */ = {isa = PBXFileReference; lastKnownFileType = folder.assetcatalog; path = Assets.xcassets; sourceTree = "<group>"; };
		D14B9D3C2B7E5FB50041BB45 /* Preview Assets.xcassets */ = {isa = PBXFileReference; lastKnownFileType = folder.assetcatalog; path = "Preview Assets.xcassets"; sourceTree = "<group>"; };
		D14B9D3E2B7E5FB50041BB45 /* Info.plist */ = {isa = PBXFileReference; lastKnownFileType = text.plist.xml; path = Info.plist; sourceTree = "<group>"; };
		D14B9D442B7E62F50041BB45 /* ImageWindows.swift */ = {isa = PBXFileReference; lastKnownFileType = sourcecode.swift; path = ImageWindows.swift; sourceTree = "<group>"; };
/* End PBXFileReference section */

/* Begin PBXFrameworksBuildPhase section */
		D14B9D2B2B7E5FB40041BB45 /* Frameworks */ = {
			isa = PBXFrameworksBuildPhase;
			buildActionMask = 2147483647;
			files = (
			);
			runOnlyForDeploymentPostprocessing = 0;
		};
/* End PBXFrameworksBuildPhase section */

/* Begin PBXGroup section */
		D14B9D252B7E5FB40041BB45 = {
			isa = PBXGroup;
			children = (
				D14B9D302B7E5FB40041BB45 /* MultipleWindowApp */,
				D14B9D2F2B7E5FB40041BB45 /* Products */,
			);
			sourceTree = "<group>";
		};
		D14B9D2F2B7E5FB40041BB45 /* Products */ = {
			isa = PBXGroup;
			children = (
				D14B9D2E2B7E5FB40041BB45 /* MultipleWindowApp.app */,
			);
			name = Products;
			sourceTree = "<group>";
		};
		D14B9D302B7E5FB40041BB45 /* MultipleWindowApp */ = {
			isa = PBXGroup;
			children = (
				D14B9D352B7E5FB40041BB45 /* MultipleWindowApp.swift */,
				D14B9D372B7E5FB40041BB45 /* ContentView.swift */,
				D14B9D442B7E62F50041BB45 /* ImageWindows.swift */,
				D14B9D392B7E5FB50041BB45 /* Assets.xcassets */,
				D14B9D3E2B7E5FB50041BB45 /* Info.plist */,
				D14B9D3B2B7E5FB50041BB45 /* Preview Content */,
			);
			path = MultipleWindowApp;
			sourceTree = "<group>";
		};
		D14B9D3B2B7E5FB50041BB45 /* Preview Content */ = {
			isa = PBXGroup;
			children = (
				D14B9D3C2B7E5FB50041BB45 /* Preview Assets.xcassets */,
			);
			path = "Preview Content";
			sourceTree = "<group>";
		};
/* End PBXGroup section */

/* Begin PBXNativeTarget section */
		D14B9D2D2B7E5FB40041BB45 /* MultipleWindowApp */ = {
			isa = PBXNativeTarget;
			buildConfigurationList = D14B9D412B7E5FB50041BB45 /* Build configuration list for PBXNativeTarget "MultipleWindowApp" */;
			buildPhases = (
				D14B9D2A2B7E5FB40041BB45 /* Sources */,
				D14B9D2B2B7E5FB40041BB45 /* Frameworks */,
				D14B9D2C2B7E5FB40041BB45 /* Resources */,
			);
			buildRules = (
			);
			dependencies = (
			);
			name = MultipleWindowApp;
			packageProductDependencies = (
			);
			productName = MultipleWindowApp;
			productReference = D14B9D2E2B7E5FB40041BB45 /* MultipleWindowApp.app */;
			productType = "com.apple.product-type.application";
		};
/* End PBXNativeTarget section */

/* Begin PBXProject section */
		D14B9D262B7E5FB40041BB45 /* Project object */ = {
			isa = PBXProject;
			attributes = {
				BuildIndependentTargetsInParallel = 1;
				LastSwiftUpdateCheck = 1520;
				LastUpgradeCheck = 1520;
				TargetAttributes = {
					D14B9D2D2B7E5FB40041BB45 = {
						CreatedOnToolsVersion = 15.2;
					};
				};
			};
			buildConfigurationList = D14B9D292B7E5FB40041BB45 /* Build configuration list for PBXProject "MultipleWindowApp" */;
			compatibilityVersion = "Xcode 14.0";
			developmentRegion = en;
			hasScannedForEncodings = 0;
			knownRegions = (
				en,
				Base,
			);
			mainGroup = D14B9D252B7E5FB40041BB45;
			productRefGroup = D14B9D2F2B7E5FB40041BB45 /* Products */;
			projectDirPath = "";
			projectRoot = "";
			targets = (
				D14B9D2D2B7E5FB40041BB45 /* MultipleWindowApp */,
			);
		};
/* End PBXProject section */

/* Begin PBXResourcesBuildPhase section */
		D14B9D2C2B7E5FB40041BB45 /* Resources */ = {
			isa = PBXResourcesBuildPhase;
			buildActionMask = 2147483647;
			files = (
				D14B9D3D2B7E5FB50041BB45 /* Preview Assets.xcassets in Resources */,
				D14B9D3A2B7E5FB50041BB45 /* Assets.xcassets in Resources */,
			);
			runOnlyForDeploymentPostprocessing = 0;
		};
/* End PBXResourcesBuildPhase section */

/* Begin PBXSourcesBuildPhase section */
		D14B9D2A2B7E5FB40041BB45 /* Sources */ = {
			isa = PBXSourcesBuildPhase;
			buildActionMask = 2147483647;
			files = (
				D14B9D382B7E5FB40041BB45 /* ContentView.swift in Sources */,
				D14B9D362B7E5FB40041BB45 /* MultipleWindowApp.swift in Sources */,
				D14B9D452B7E62F50041BB45 /* ImageWindows.swift in Sources */,
			);
			runOnlyForDeploymentPostprocessing = 0;
		};
/* End PBXSourcesBuildPhase section */

/* Begin XCBuildConfiguration section */
		D14B9D3F2B7E5FB50041BB45 /* Debug */ = {
			isa = XCBuildConfiguration;
			buildSettings = {
				ALWAYS_SEARCH_USER_PATHS = NO;
				ASSETCATALOG_COMPILER_GENERATE_SWIFT_ASSET_SYMBOL_EXTENSIONS = YES;
				CLANG_ANALYZER_NONNULL = YES;
				CLANG_ANALYZER_NUMBER_OBJECT_CONVERSION = YES_AGGRESSIVE;
				CLANG_CXX_LANGUAGE_STANDARD = "gnu++20";
				CLANG_ENABLE_MODULES = YES;
				CLANG_ENABLE_OBJC_ARC = YES;
				CLANG_ENABLE_OBJC_WEAK = YES;
				CLANG_WARN_BLOCK_CAPTURE_AUTORELEASING = YES;
				CLANG_WARN_BOOL_CONVERSION = YES;
				CLANG_WARN_COMMA = YES;
				CLANG_WARN_CONSTANT_CONVERSION = YES;
				CLANG_WARN_DEPRECATED_OBJC_IMPLEMENTATIONS = YES;
				CLANG_WARN_DIRECT_OBJC_ISA_USAGE = YES_ERROR;
				CLANG_WARN_DOCUMENTATION_COMMENTS = YES;
				CLANG_WARN_EMPTY_BODY = YES;
				CLANG_WARN_ENUM_CONVERSION = YES;
				CLANG_WARN_INFINITE_RECURSION = YES;
				CLANG_WARN_INT_CONVERSION = YES;
				CLANG_WARN_NON_LITERAL_NULL_CONVERSION = YES;
				CLANG_WARN_OBJC_IMPLICIT_RETAIN_SELF = YES;
				CLANG_WARN_OBJC_LITERAL_CONVERSION = YES;
				CLANG_WARN_OBJC_ROOT_CLASS = YES_ERROR;
				CLANG_WARN_QUOTED_INCLUDE_IN_FRAMEWORK_HEADER = YES;
				CLANG_WARN_RANGE_LOOP_ANALYSIS = YES;
				CLANG_WARN_STRICT_PROTOTYPES = YES;
				CLANG_WARN_SUSPICIOUS_MOVE = YES;
				CLANG_WARN_UNGUARDED_AVAILABILITY = YES_AGGRESSIVE;
				CLANG_WARN_UNREACHABLE_CODE = YES;
				CLANG_WARN__DUPLICATE_METHOD_MATCH = YES;
				COPY_PHASE_STRIP = NO;
				DEBUG_INFORMATION_FORMAT = dwarf;
				ENABLE_STRICT_OBJC_MSGSEND = YES;
				ENABLE_TESTABILITY = YES;
				ENABLE_USER_SCRIPT_SANDBOXING = YES;
				GCC_C_LANGUAGE_STANDARD = gnu17;
				GCC_DYNAMIC_NO_PIC = NO;
				GCC_NO_COMMON_BLOCKS = YES;
				GCC_OPTIMIZATION_LEVEL = 0;
				GCC_PREPROCESSOR_DEFINITIONS = (
					"DEBUG=1",
					"$(inherited)",
				);
				GCC_WARN_64_TO_32_BIT_CONVERSION = YES;
				GCC_WARN_ABOUT_RETURN_TYPE = YES_ERROR;
				GCC_WARN_UNDECLARED_SELECTOR = YES;
				GCC_WARN_UNINITIALIZED_AUTOS = YES_AGGRESSIVE;
				GCC_WARN_UNUSED_FUNCTION = YES;
				GCC_WARN_UNUSED_VARIABLE = YES;
				LOCALIZATION_PREFERS_STRING_CATALOGS = YES;
				MTL_ENABLE_DEBUG_INFO = INCLUDE_SOURCE;
				MTL_FAST_MATH = YES;
				ONLY_ACTIVE_ARCH = YES;
				SDKROOT = xros;
				SWIFT_ACTIVE_COMPILATION_CONDITIONS = "DEBUG $(inherited)";
				SWIFT_OPTIMIZATION_LEVEL = "-Onone";
				XROS_DEPLOYMENT_TARGET = 1.0;
			};
			name = Debug;
		};
		D14B9D402B7E5FB50041BB45 /* Release */ = {
			isa = XCBuildConfiguration;
			buildSettings = {
				ALWAYS_SEARCH_USER_PATHS = NO;
				ASSETCATALOG_COMPILER_GENERATE_SWIFT_ASSET_SYMBOL_EXTENSIONS = YES;
				CLANG_ANALYZER_NONNULL = YES;
				CLANG_ANALYZER_NUMBER_OBJECT_CONVERSION = YES_AGGRESSIVE;
				CLANG_CXX_LANGUAGE_STANDARD = "gnu++20";
				CLANG_ENABLE_MODULES = YES;
				CLANG_ENABLE_OBJC_ARC = YES;
				CLANG_ENABLE_OBJC_WEAK = YES;
				CLANG_WARN_BLOCK_CAPTURE_AUTORELEASING = YES;
				CLANG_WARN_BOOL_CONVERSION = YES;
				CLANG_WARN_COMMA = YES;
				CLANG_WARN_CONSTANT_CONVERSION = YES;
				CLANG_WARN_DEPRECATED_OBJC_IMPLEMENTATIONS = YES;
				CLANG_WARN_DIRECT_OBJC_ISA_USAGE = YES_ERROR;
				CLANG_WARN_DOCUMENTATION_COMMENTS = YES;
				CLANG_WARN_EMPTY_BODY = YES;
				CLANG_WARN_ENUM_CONVERSION = YES;
				CLANG_WARN_INFINITE_RECURSION = YES;
				CLANG_WARN_INT_CONVERSION = YES;
				CLANG_WARN_NON_LITERAL_NULL_CONVERSION = YES;
				CLANG_WARN_OBJC_IMPLICIT_RETAIN_SELF = YES;
				CLANG_WARN_OBJC_LITERAL_CONVERSION = YES;
				CLANG_WARN_OBJC_ROOT_CLASS = YES_ERROR;
				CLANG_WARN_QUOTED_INCLUDE_IN_FRAMEWORK_HEADER = YES;
				CLANG_WARN_RANGE_LOOP_ANALYSIS = YES;
				CLANG_WARN_STRICT_PROTOTYPES = YES;
				CLANG_WARN_SUSPICIOUS_MOVE = YES;
				CLANG_WARN_UNGUARDED_AVAILABILITY = YES_AGGRESSIVE;
				CLANG_WARN_UNREACHABLE_CODE = YES;
				CLANG_WARN__DUPLICATE_METHOD_MATCH = YES;
				COPY_PHASE_STRIP = NO;
				DEBUG_INFORMATION_FORMAT = "dwarf-with-dsym";
				ENABLE_NS_ASSERTIONS = NO;
				ENABLE_STRICT_OBJC_MSGSEND = YES;
				ENABLE_USER_SCRIPT_SANDBOXING = YES;
				GCC_C_LANGUAGE_STANDARD = gnu17;
				GCC_NO_COMMON_BLOCKS = YES;
				GCC_WARN_64_TO_32_BIT_CONVERSION = YES;
				GCC_WARN_ABOUT_RETURN_TYPE = YES_ERROR;
				GCC_WARN_UNDECLARED_SELECTOR = YES;
				GCC_WARN_UNINITIALIZED_AUTOS = YES_AGGRESSIVE;
				GCC_WARN_UNUSED_FUNCTION = YES;
				GCC_WARN_UNUSED_VARIABLE = YES;
				LOCALIZATION_PREFERS_STRING_CATALOGS = YES;
				MTL_ENABLE_DEBUG_INFO = NO;
				MTL_FAST_MATH = YES;
				SDKROOT = xros;
				SWIFT_COMPILATION_MODE = wholemodule;
				VALIDATE_PRODUCT = YES;
				XROS_DEPLOYMENT_TARGET = 1.0;
			};
			name = Release;
		};
		D14B9D422B7E5FB50041BB45 /* Debug */ = {
			isa = XCBuildConfiguration;
			buildSettings = {
				ASSETCATALOG_COMPILER_APPICON_NAME = AppIcon;
				ASSETCATALOG_COMPILER_GLOBAL_ACCENT_COLOR_NAME = AccentColor;
				CODE_SIGN_STYLE = Automatic;
				CURRENT_PROJECT_VERSION = 1;
				DEVELOPMENT_ASSET_PATHS = "\"MultipleWindowApp/Preview Content\"";
				DEVELOPMENT_TEAM = TP7932CSD5;
				ENABLE_PREVIEWS = YES;
				GENERATE_INFOPLIST_FILE = YES;
				INFOPLIST_FILE = "$(TARGET_NAME)/Info.plist";
				LD_RUNPATH_SEARCH_PATHS = (
					"$(inherited)",
					"@executable_path/Frameworks",
				);
				MARKETING_VERSION = 1.0;
				PRODUCT_BUNDLE_IDENTIFIER = dev.vinothvino.MultipleWindowApp;
				PRODUCT_NAME = "$(TARGET_NAME)";
				SUPPORTED_PLATFORMS = "xros xrsimulator";
				SWIFT_EMIT_LOC_STRINGS = YES;
				SWIFT_VERSION = 5.0;
				TARGETED_DEVICE_FAMILY = "1,2,7";
			};
			name = Debug;
		};
		D14B9D432B7E5FB50041BB45 /* Release */ = {
			isa = XCBuildConfiguration;
			buildSettings = {
				ASSETCATALOG_COMPILER_APPICON_NAME = AppIcon;
				ASSETCATALOG_COMPILER_GLOBAL_ACCENT_COLOR_NAME = AccentColor;
				CODE_SIGN_STYLE = Automatic;
				CURRENT_PROJECT_VERSION = 1;
				DEVELOPMENT_ASSET_PATHS = "\"MultipleWindowApp/Preview Content\"";
				DEVELOPMENT_TEAM = TP7932CSD5;
				ENABLE_PREVIEWS = YES;
				GENERATE_INFOPLIST_FILE = YES;
				INFOPLIST_FILE = "$(TARGET_NAME)/Info.plist";
				LD_RUNPATH_SEARCH_PATHS = (
					"$(inherited)",
					"@executable_path/Frameworks",
				);
				MARKETING_VERSION = 1.0;
				PRODUCT_BUNDLE_IDENTIFIER = dev.vinothvino.MultipleWindowApp;
				PRODUCT_NAME = "$(TARGET_NAME)";
				SUPPORTED_PLATFORMS = "xros xrsimulator";
				SWIFT_EMIT_LOC_STRINGS = YES;
				SWIFT_VERSION = 5.0;
				TARGETED_DEVICE_FAMILY = "1,2,7";
			};
			name = Release;
		};
/* End XCBuildConfiguration section */

/* Begin XCConfigurationList section */
		D14B9D292B7E5FB40041BB45 /* Build configuration list for PBXProject "MultipleWindowApp" */ = {
			isa = XCConfigurationList;
			buildConfigurations = (
				D14B9D3F2B7E5FB50041BB45 /* Debug */,
				D14B9D402B7E5FB50041BB45 /* Release */,
			);
			defaultConfigurationIsVisible = 0;
			defaultConfigurationName = Release;
		};
		D14B9D412B7E5FB50041BB45 /* Build configuration list for PBXNativeTarget "MultipleWindowApp" */ = {
			isa = XCConfigurationList;
			buildConfigurations = (
				D14B9D422B7E5FB50041BB45 /* Debug */,
				D14B9D432B7E5FB50041BB45 /* Release */,
			);
			defaultConfigurationIsVisible = 0;
			defaultConfigurationName = Release;
		};
/* End XCConfigurationList section */
	};
	rootObject = D14B9D262B7E5FB40041BB45 /* Project object */;
}
